
Microsoft Visual Studio Solution File, Format Version 12.00
# Visual Studio 15
VisualStudioVersion = 15.0.27703.2042
MinimumVisualStudioVersion = 10.0.40219.1
Project("{FAE04EC0-301F-11D3-BF4B-00C04F79EFBC}") = "SmartQuestionaire", "SmartQuestionaire\SmartQuestionaire.csproj", "{63428066-7E84-428D-98E7-6C50C4A240DF}"
EndProject
Global
	GlobalSection(SolutionConfigurationPlatforms) = preSolution
		Debug|Any CPU = Debug|Any CPU
		Release|Any CPU = Release|Any CPU
	EndGlobalSection
	GlobalSection(ProjectConfigurationPlatforms) = postSolution
		{63428066-7E84-428D-98E7-6C50C4A240DF}.Debug|Any CPU.ActiveCfg = Debug|Any CPU
		{63428066-7E84-428D-98E7-6C50C4A240DF}.Debug|Any CPU.Build.0 = Debug|Any CPU
		{63428066-7E84-428D-98E7-6C50C4A240DF}.Release|Any CPU.ActiveCfg = Release|Any CPU
		{63428066-7E84-428D-98E7-6C50C4A240DF}.Release|Any CPU.Build.0 = Release|Any CPU
	EndGlobalSection
	GlobalSection(SolutionProperties) = preSolution
		HideSolutionNode = FALSE
	EndGlobalSection
	GlobalSection(ExtensibilityGlobals) = postSolution
		SolutionGuid = {BEF0E212-8C08-40F2-A77E-C6BE27D7893E}
	EndGlobalSection
EndGlobal
